
Microsoft Visual Studio Solution File, Format Version 12.00
# Visual Studio Version 17
VisualStudioVersion = 17.7.34031.279
MinimumVisualStudioVersion = 10.0.40219.1
Project("{9A19103F-16F7-4668-BE54-9A1E7A4F7556}") = "PDFiumCore", "src\PDFiumCore\PDFiumCore.csproj", "{9AD8849F-2653-4C14-9604-CFAB0DF27A75}"
EndProject
Project("{9A19103F-16F7-4668-BE54-9A1E7A4F7556}") = "PDFDict.SDK.Sharp.Sample", "test\PDFDict.SDK.Sharp.Sample\PDFDict.SDK.Sharp.Sample.csproj", "{57CCA4DF-A05B-4226-A655-81CC9549C2ED}"
EndProject
Project("{9A19103F-16F7-4668-BE54-9A1E7A4F7556}") = "PDFDict.SDK.Sharp", "src\PDFDict.SDK.Sharp\PDFDict.SDK.Sharp.csproj", "{6DBC6E9E-DD9C-4882-86C8-A133F99F0E8D}"
EndProject
Project("{9A19103F-16F7-4668-BE54-9A1E7A4F7556}") = "PDFDict.SDK.Sharp.Web.Server", "ui\PDFDict.SDK.Sharp.Web\PDFDict.SDK.Sharp.Web.Server\PDFDict.SDK.Sharp.Web.Server.csproj", "{B6EF4F0F-FAFD-4FB7-80E2-FFC962A64D8E}"
EndProject
Project("{54A90642-561A-4BB1-A94E-469ADEE60C69}") = "pdfdict.sdk.sharp.web.client", "ui\PDFDict.SDK.Sharp.Web\pdfdict.sdk.sharp.web.client\pdfdict.sdk.sharp.web.client.esproj", "{D5D9E371-5B06-47F0-92E1-C033B16753C9}"
EndProject
Global
	GlobalSection(SolutionConfigurationPlatforms) = preSolution
		Debug|Any CPU = Debug|Any CPU
		Release|Any CPU = Release|Any CPU
	EndGlobalSection
	GlobalSection(ProjectConfigurationPlatforms) = postSolution
		{9AD8849F-2653-4C14-9604-CFAB0DF27A75}.Debug|Any CPU.ActiveCfg = Debug|Any CPU
		{9AD8849F-2653-4C14-9604-CFAB0DF27A75}.Debug|Any CPU.Build.0 = Debug|Any CPU
		{9AD8849F-2653-4C14-9604-CFAB0DF27A75}.Release|Any CPU.ActiveCfg = Release|Any CPU
		{9AD8849F-2653-4C14-9604-CFAB0DF27A75}.Release|Any CPU.Build.0 = Release|Any CPU
		{57CCA4DF-A05B-4226-A655-81CC9549C2ED}.Debug|Any CPU.ActiveCfg = Debug|Any CPU
		{57CCA4DF-A05B-4226-A655-81CC9549C2ED}.Debug|Any CPU.Build.0 = Debug|Any CPU
		{57CCA4DF-A05B-4226-A655-81CC9549C2ED}.Release|Any CPU.ActiveCfg = Release|Any CPU
		{57CCA4DF-A05B-4226-A655-81CC9549C2ED}.Release|Any CPU.Build.0 = Release|Any CPU
		{6DBC6E9E-DD9C-4882-86C8-A133F99F0E8D}.Debug|Any CPU.ActiveCfg = Debug|Any CPU
		{6DBC6E9E-DD9C-4882-86C8-A133F99F0E8D}.Debug|Any CPU.Build.0 = Debug|Any CPU
		{6DBC6E9E-DD9C-4882-86C8-A133F99F0E8D}.Release|Any CPU.ActiveCfg = Release|Any CPU
		{6DBC6E9E-DD9C-4882-86C8-A133F99F0E8D}.Release|Any CPU.Build.0 = Release|Any CPU
		{B6EF4F0F-FAFD-4FB7-80E2-FFC962A64D8E}.Debug|Any CPU.ActiveCfg = Debug|Any CPU
		{B6EF4F0F-FAFD-4FB7-80E2-FFC962A64D8E}.Debug|Any CPU.Build.0 = Debug|Any CPU
		{B6EF4F0F-FAFD-4FB7-80E2-FFC962A64D8E}.Release|Any CPU.ActiveCfg = Release|Any CPU
		{B6EF4F0F-FAFD-4FB7-80E2-FFC962A64D8E}.Release|Any CPU.Build.0 = Release|Any CPU
		{D5D9E371-5B06-47F0-92E1-C033B16753C9}.Debug|Any CPU.ActiveCfg = Debug|Any CPU
		{D5D9E371-5B06-47F0-92E1-C033B16753C9}.Debug|Any CPU.Build.0 = Debug|Any CPU
		{D5D9E371-5B06-47F0-92E1-C033B16753C9}.Debug|Any CPU.Deploy.0 = Debug|Any CPU
		{D5D9E371-5B06-47F0-92E1-C033B16753C9}.Release|Any CPU.ActiveCfg = Release|Any CPU
		{D5D9E371-5B06-47F0-92E1-C033B16753C9}.Release|Any CPU.Build.0 = Release|Any CPU
		{D5D9E371-5B06-47F0-92E1-C033B16753C9}.Release|Any CPU.Deploy.0 = Release|Any CPU
	EndGlobalSection
	GlobalSection(SolutionProperties) = preSolution
		HideSolutionNode = FALSE
	EndGlobalSection
	GlobalSection(ExtensibilityGlobals) = postSolution
		SolutionGuid = {9C340CCE-6991-4C14-8E0F-B49B5F769AEC}
	EndGlobalSection
EndGlobal
