
Microsoft Visual Studio Solution File, Format Version 12.00
# Visual Studio Version 17
VisualStudioVersion = 17.7.34031.279
MinimumVisualStudioVersion = 10.0.40219.1
Project("{9A19103F-16F7-4668-BE54-9A1E7A4F7556}") = "PDFiumCore", "src\PDFiumCore\PDFiumCore.csproj", "{9AD8849F-2653-4C14-9604-CFAB0DF27A75}"
EndProject
Project("{9A19103F-16F7-4668-BE54-9A1E7A4F7556}") = "PDFDict.SDK.Sharp.Sample", "test\PDFDict.SDK.Sharp.Sample\PDFDict.SDK.Sharp.Sample.csproj", "{57CCA4DF-A05B-4226-A655-81CC9549C2ED}"
EndProject
Project("{9A19103F-16F7-4668-BE54-9A1E7A4F7556}") = "PDFDict.SDK.Sharp", "src\PDFDict.SDK.Sharp\PDFDict.SDK.Sharp.csproj", "{6DBC6E9E-DD9C-4882-86C8-A133F99F0E8D}"
EndProject
Global
	GlobalSection(SolutionConfigurationPlatforms) = preSolution
		Debug|Any CPU = Debug|Any CPU
		Release|Any CPU = Release|Any CPU
	EndGlobalSection
	GlobalSection(ProjectConfigurationPlatforms) = postSolution
		{9AD8849F-2653-4C14-9604-CFAB0DF27A75}.Debug|Any CPU.ActiveCfg = Debug|Any CPU
		{9AD8849F-2653-4C14-9604-CFAB0DF27A75}.Debug|Any CPU.Build.0 = Debug|Any CPU
		{9AD8849F-2653-4C14-9604-CFAB0DF27A75}.Release|Any CPU.ActiveCfg = Release|Any CPU
		{9AD8849F-2653-4C14-9604-CFAB0DF27A75}.Release|Any CPU.Build.0 = Release|Any CPU
		{57CCA4DF-A05B-4226-A655-81CC9549C2ED}.Debug|Any CPU.ActiveCfg = Debug|Any CPU
		{57CCA4DF-A05B-4226-A655-81CC9549C2ED}.Debug|Any CPU.Build.0 = Debug|Any CPU
		{57CCA4DF-A05B-4226-A655-81CC9549C2ED}.Release|Any CPU.ActiveCfg = Release|Any CPU
		{57CCA4DF-A05B-4226-A655-81CC9549C2ED}.Release|Any CPU.Build.0 = Release|Any CPU
		{6DBC6E9E-DD9C-4882-86C8-A133F99F0E8D}.Debug|Any CPU.ActiveCfg = Debug|Any CPU
		{6DBC6E9E-DD9C-4882-86C8-A133F99F0E8D}.Debug|Any CPU.Build.0 = Debug|Any CPU
		{6DBC6E9E-DD9C-4882-86C8-A133F99F0E8D}.Release|Any CPU.ActiveCfg = Release|Any CPU
		{6DBC6E9E-DD9C-4882-86C8-A133F99F0E8D}.Release|Any CPU.Build.0 = Release|Any CPU
	EndGlobalSection
	GlobalSection(SolutionProperties) = preSolution
		HideSolutionNode = FALSE
	EndGlobalSection
	GlobalSection(ExtensibilityGlobals) = postSolution
		SolutionGuid = {9C340CCE-6991-4C14-8E0F-B49B5F769AEC}
	EndGlobalSection
EndGlobal
