
Microsoft Visual Studio Solution File, Format Version 12.00
# Visual Studio Version 17
VisualStudioVersion = 17.7.34031.279
MinimumVisualStudioVersion = 10.0.40219.1
Project("{FAE04EC0-301F-11D3-BF4B-00C04F79EFBC}") = "TestNugtPackage", "TestNugtPackage.csproj", "{A2A15988-5A0F-4ED0-8ED1-D124E2E8E3E1}"
EndProject
Global
	GlobalSection(SolutionConfigurationPlatforms) = preSolution
		Debug|Any CPU = Debug|Any CPU
		Release|Any CPU = Release|Any CPU
	EndGlobalSection
	GlobalSection(ProjectConfigurationPlatforms) = postSolution
		{A2A15988-5A0F-4ED0-8ED1-D124E2E8E3E1}.Debug|Any CPU.ActiveCfg = Debug|Any CPU
		{A2A15988-5A0F-4ED0-8ED1-D124E2E8E3E1}.Debug|Any CPU.Build.0 = Debug|Any CPU
		{A2A15988-5A0F-4ED0-8ED1-D124E2E8E3E1}.Release|Any CPU.ActiveCfg = Release|Any CPU
		{A2A15988-5A0F-4ED0-8ED1-D124E2E8E3E1}.Release|Any CPU.Build.0 = Release|Any CPU
	EndGlobalSection
	GlobalSection(SolutionProperties) = preSolution
		HideSolutionNode = FALSE
	EndGlobalSection
	GlobalSection(ExtensibilityGlobals) = postSolution
		SolutionGuid = {8E344560-22BB-486D-91F1-994336E285F3}
	EndGlobalSection
EndGlobal
